{
  "name": "nomad",
  "version": "1.0.0",
  "lockfileVersion": 1,
  "requires": true,
  "dependencies": {
    "@types/axios": {
      "version": "0.14.0",
      "resolved": "https://registry.npmjs.org/@types/axios/-/axios-0.14.0.tgz",
      "integrity": "sha1-7CMA++fX3d1+udOr+HmZlkyvzkY=",
      "dev": true,
      "requires": {
        "axios": "*"
      }
    },
    "@types/node": {
      "version": "13.1.2",
      "resolved": "https://registry.npmjs.org/@types/node/-/node-13.1.2.tgz",
      "integrity": "sha512-B8emQA1qeKerqd1dmIsQYnXi+mmAzTB7flExjmy5X1aVAKFNNNDubkavwR13kR6JnpeLp3aLoJhwn9trWPAyFQ==",
      "dev": true
    },
    "@types/prompts": {
      "version": "2.0.3",
      "resolved": "https://registry.npmjs.org/@types/prompts/-/prompts-2.0.3.tgz",
      "integrity": "sha512-5+r923liPATAzRQhLTGfrRuel9vv7Mk1DZ/CJkgRrLctmM9QeOIbuVolA7wAACaw+m0Ysug85CjPbkb5ZgE1Ag==",
      "dev": true
    },
    "@types/set-cookie-parser": {
      "version": "0.0.6",
      "resolved": "https://registry.npmjs.org/@types/set-cookie-parser/-/set-cookie-parser-0.0.6.tgz",
      "integrity": "sha512-XIN/TID3Q1lO4Y3f09QO+pxOTg5tiLfsK5jhDZ10Bg0JBYcgRpP/drHeBM2xjixxrdkMt7kePcNgn07m+V2eXA==",
      "dev": true,
      "requires": {
        "@types/node": "*"
      }
    },
    "@types/tough-cookie": {
      "version": "2.3.6",
      "resolved": "https://registry.npmjs.org/@types/tough-cookie/-/tough-cookie-2.3.6.tgz",
      "integrity": "sha512-wHNBMnkoEBiRAd3s8KTKwIuO9biFtTf0LehITzBhSco+HQI0xkXZbLOD55SW3Aqw3oUkHstkm5SPv58yaAdFPQ==",
      "dev": true
    },
    "@types/user-agents": {
      "version": "1.0.0",
      "resolved": "https://registry.npmjs.org/@types/user-agents/-/user-agents-1.0.0.tgz",
      "integrity": "sha512-oOSdQ9CULdFN2SJ9NNHvPrkP9aJ6oAz7BiiAeMC4vca+AzFqktlGdetMjlbCA0J3AemMn7ToU3U74VgrMecHtA==",
      "dev": true
    },
    "agent-base": {
      "version": "6.0.2",
      "resolved": "https://registry.npmjs.org/agent-base/-/agent-base-6.0.2.tgz",
      "integrity": "sha512-RZNwNclF7+MS/8bDg70amg32dyeZGZxiDuQmZxKLAlQjr3jGyLx+4Kkk58UO7D2QdgFIQCovuSuZESne6RG6XQ==",
      "requires": {
        "debug": "4"
      },
      "dependencies": {
        "debug": {
          "version": "4.3.2",
          "resolved": "https://registry.npmjs.org/debug/-/debug-4.3.2.tgz",
          "integrity": "sha512-mOp8wKcvj7XxC78zLgw/ZA+6TSgkoE2C/ienthhRD298T7UNwAg9diBpLRxC0mOezLl4B0xV7M0cCO6P/O0Xhw==",
          "requires": {
            "ms": "2.1.2"
          }
        },
        "ms": {
          "version": "2.1.2",
          "resolved": "https://registry.npmjs.org/ms/-/ms-2.1.2.tgz",
          "integrity": "sha512-sGkPx+VjMtmA6MX27oA4FBFELFCZZ4S4XqeGOXCv68tT+jb3vk/RyaKWP0PTKyWtmLSM0b+adUTEvbs1PEaH2w=="
        }
      }
    },
    "axios": {
      "version": "0.19.0",
      "resolved": "https://registry.npmjs.org/axios/-/axios-0.19.0.tgz",
      "integrity": "sha512-1uvKqKQta3KBxIz14F2v06AEHZ/dIoeKfbTRkK1E5oqjDnuEerLmYTgJB5AiQZHJcljpg1TuRzdjDR06qNk0DQ==",
      "requires": {
        "follow-redirects": "1.5.10",
        "is-buffer": "^2.0.2"
      }
    },
    "axios-cookiejar-support": {
      "version": "2.0.3",
      "resolved": "https://registry.npmjs.org/axios-cookiejar-support/-/axios-cookiejar-support-2.0.3.tgz",
      "integrity": "sha512-tvMB+0JhxXLjjvePsXzqXhBI4DMlW4ImR4pKKNl+xclwF0IviNV+CkuhubQCCFjPzOXv7PIzOq3z7WFiF9pMpw==",
      "requires": {
        "http-cookie-agent": "^1.0.2"
      }
    },
    "cookie": {
      "version": "0.4.1",
      "resolved": "https://registry.npmjs.org/cookie/-/cookie-0.4.1.tgz",
      "integrity": "sha512-ZwrFkGJxUR3EIoXtO+yVE69Eb7KlixbaeAWfBQB9vVsNn/o+Yw69gBWSSDK825hQNdN+wF8zELf3dFNl/kxkUA=="
    },
    "debug": {
      "version": "3.1.0",
      "resolved": "https://registry.npmjs.org/debug/-/debug-3.1.0.tgz",
      "integrity": "sha512-OX8XqP7/1a9cqkxYw2yXss15f26NKWBpDXQd0/uK/KPqdQhxbPa994hnzjcE2VqQpDslf55723cKPUOGSmMY3g==",
      "requires": {
        "ms": "2.0.0"
      }
    },
    "docopt": {
      "version": "0.6.2",
      "resolved": "https://registry.npmjs.org/docopt/-/docopt-0.6.2.tgz",
      "integrity": "sha1-so6eIiDaXsSffqW7JKR3h0Be6xE="
    },
    "dot-json": {
      "version": "1.1.0",
      "resolved": "https://registry.npmjs.org/dot-json/-/dot-json-1.1.0.tgz",
      "integrity": "sha512-PiQZW9/C8xILPYK2bOye/cbPZrakNEkt28jFb8RlPCwsoMAHYYw9T8JoACxgttHL9Y2AmdqVvibbZJHtLgeqTQ==",
      "requires": {
        "docopt": "~0.6.2",
        "underscore-keypath": "~0.0.22"
      }
    },
    "follow-redirects": {
      "version": "1.5.10",
      "resolved": "https://registry.npmjs.org/follow-redirects/-/follow-redirects-1.5.10.tgz",
      "integrity": "sha512-0V5l4Cizzvqt5D44aTXbFZz+FtyXV1vrDN6qrelxtfYQKW0KO0W2T/hkE8xvGa/540LkZlkaUjO4ailYTFtHVQ==",
      "requires": {
        "debug": "=3.1.0"
      }
    },
    "http-cookie-agent": {
      "version": "1.0.2",
      "resolved": "https://registry.npmjs.org/http-cookie-agent/-/http-cookie-agent-1.0.2.tgz",
      "integrity": "sha512-F5gdg5ZtXQ0uChYM1uJUCzSPh/bJiDsVGNxqs3GcsvifS/w6/Rj2+keyTpDju6Os2/TV5YqQoYquxfBXmfAnNw==",
      "requires": {
        "agent-base": "^6.0.2",
        "cookie": "^0.4.1"
      }
    },
    "ip-regex": {
      "version": "2.1.0",
      "resolved": "https://registry.npmjs.org/ip-regex/-/ip-regex-2.1.0.tgz",
      "integrity": "sha1-+ni/XS5pE8kRzp+BnuUUa7bYROk="
    },
    "is-buffer": {
      "version": "2.0.4",
      "resolved": "https://registry.npmjs.org/is-buffer/-/is-buffer-2.0.4.tgz",
      "integrity": "sha512-Kq1rokWXOPXWuaMAqZiJW4XxsmD9zGx9q4aePabbn3qCRGedtH7Cm+zV8WETitMfu1wdh+Rvd6w5egwSngUX2A=="
    },
    "kleur": {
      "version": "3.0.3",
      "resolved": "https://registry.npmjs.org/kleur/-/kleur-3.0.3.tgz",
      "integrity": "sha512-eTIzlVOSUR+JxdDFepEYcBMtZ9Qqdef+rnzWdRZuMbOywu5tO2w2N7rqjoANZ5k9vywhL6Br1VRjUIgTQx4E8w=="
    },
    "lodash.clonedeep": {
      "version": "4.5.0",
      "resolved": "https://registry.npmjs.org/lodash.clonedeep/-/lodash.clonedeep-4.5.0.tgz",
      "integrity": "sha1-4j8/nE+Pvd6HJSnBBxhXoIblzO8="
    },
    "ms": {
      "version": "2.0.0",
      "resolved": "https://registry.npmjs.org/ms/-/ms-2.0.0.tgz",
      "integrity": "sha1-VgiurfwAvmwpAd9fmGF4jeDVl8g="
    },
    "prompts": {
      "version": "2.3.0",
      "resolved": "https://registry.npmjs.org/prompts/-/prompts-2.3.0.tgz",
      "integrity": "sha512-NfbbPPg/74fT7wk2XYQ7hAIp9zJyZp5Fu19iRbORqqy1BhtrkZ0fPafBU+7bmn8ie69DpT0R6QpJIN2oisYjJg==",
      "requires": {
        "kleur": "^3.0.3",
        "sisteransi": "^1.0.3"
      }
    },
    "psl": {
      "version": "1.7.0",
      "resolved": "https://registry.npmjs.org/psl/-/psl-1.7.0.tgz",
      "integrity": "sha512-5NsSEDv8zY70ScRnOTn7bK7eanl2MvFrOrS/R6x+dBt5g1ghnj9Zv90kO8GwT8gxcu2ANyFprnFYB85IogIJOQ=="
    },
    "punycode": {
      "version": "2.1.1",
      "resolved": "https://registry.npmjs.org/punycode/-/punycode-2.1.1.tgz",
      "integrity": "sha512-XRsRjdf+j5ml+y/6GKHPZbrF/8p2Yga0JPtdqTIY2Xe5ohJPD9saDJJLPvp9+NSBprVvevdXZybnj2cv8OEd0A=="
    },
    "rxjs": {
      "version": "6.5.4",
      "resolved": "https://registry.npmjs.org/rxjs/-/rxjs-6.5.4.tgz",
      "integrity": "sha512-naMQXcgEo3csAEGvw/NydRA0fuS2nDZJiw1YUWFKU7aPPAPGZEsD4Iimit96qwCieH6y614MCLYwdkrWx7z/7Q==",
      "requires": {
        "tslib": "^1.9.0"
      }
    },
    "set-cookie-parser": {
      "version": "2.4.1",
      "resolved": "https://registry.npmjs.org/set-cookie-parser/-/set-cookie-parser-2.4.1.tgz",
      "integrity": "sha512-bUcyZhIOLvjvdO7UT5MyNd6AAci4ssZy/8Da1etJVI/2n3vgpxfJ/ntYA0bN+8qg9HZB7xR9/g+fcDbGkk/gQg=="
    },
    "sisteransi": {
      "version": "1.0.4",
      "resolved": "https://registry.npmjs.org/sisteransi/-/sisteransi-1.0.4.tgz",
      "integrity": "sha512-/ekMoM4NJ59ivGSfKapeG+FWtrmWvA1p6FBZwXrqojw90vJu8lBmrTxCMuBCydKtkaUe2zt4PlxeTKpjwMbyig=="
    },
    "tough-cookie": {
      "version": "3.0.1",
      "resolved": "https://registry.npmjs.org/tough-cookie/-/tough-cookie-3.0.1.tgz",
      "integrity": "sha512-yQyJ0u4pZsv9D4clxO69OEjLWYw+jbgspjTue4lTQZLfV0c5l1VmK2y1JK8E9ahdpltPOaAThPcp5nKPUgSnsg==",
      "requires": {
        "ip-regex": "^2.1.0",
        "psl": "^1.1.28",
        "punycode": "^2.1.1"
      }
    },
    "tslib": {
      "version": "1.10.0",
      "resolved": "https://registry.npmjs.org/tslib/-/tslib-1.10.0.tgz",
      "integrity": "sha512-qOebF53frne81cf0S9B41ByenJ3/IuH8yJKngAX35CmiZySA0khhkovshKK+jGCaMnVomla7gVlIcc3EvKPbTQ=="
    },
    "underscore": {
      "version": "1.9.1",
      "resolved": "https://registry.npmjs.org/underscore/-/underscore-1.9.1.tgz",
      "integrity": "sha512-5/4etnCkd9c8gwgowi5/om/mYO5ajCaOgdzj/oW+0eQV9WxKBDZw5+ycmKmeaTXjInS/W0BzpGLo2xR2aBwZdg=="
    },
    "underscore-keypath": {
      "version": "0.0.22",
      "resolved": "https://registry.npmjs.org/underscore-keypath/-/underscore-keypath-0.0.22.tgz",
      "integrity": "sha1-SKUoOSu278QkvhyqVtpLX6zPJk0=",
      "requires": {
        "underscore": "*"
      }
    },
    "user-agents": {
      "version": "1.0.490",
      "resolved": "https://registry.npmjs.org/user-agents/-/user-agents-1.0.490.tgz",
      "integrity": "sha512-LEuU0L8uC0OLgbtxvshxCLRQp7kv4rhsOKMH28NkHm0c33CbK8n4SeezrhNmAyVrOSqYgT6Tu39eVYRe5Xy8Jg==",
      "requires": {
        "dot-json": "^1.1.0",
        "lodash.clonedeep": "^4.5.0"
      }
    }
  }
}
